
Microsoft Visual Studio Solution File, Format Version 12.00
Project("{FAE04EC0-301F-11D3-BF4B-00C04F79EFBC}") = "Common", "Common\Common.csproj", "{CE5B6340-1ECA-41A1-8AD5-4B818ED042F2}"
EndProject
Project("{FAE04EC0-301F-11D3-BF4B-00C04F79EFBC}") = "Infrastructure", "Infrastructure\Infrastructure.csproj", "{84426FF8-C3C0-4421-9A4E-18C6A837C6B2}"
EndProject
Project("{FAE04EC0-301F-11D3-BF4B-00C04F79EFBC}") = "Infrastructure.Tests", "Infrastructure.Tests\Infrastructure.Tests.csproj", "{83855E5C-A843-444E-8BF7-D15449A56A72}"
EndProject
Project("{FAE04EC0-301F-11D3-BF4B-00C04F79EFBC}") = "TestUtilities", "TestUtilities\TestUtilities.csproj", "{3E852501-82E6-48FF-BA9F-8905C3CE9FA0}"
EndProject
Project("{FAE04EC0-301F-11D3-BF4B-00C04F79EFBC}") = "UseCases", "UseCases\UseCases.csproj", "{78740ACA-3FE4-4F0B-8A48-94294AE6C4CD}"
EndProject
Project("{FAE04EC0-301F-11D3-BF4B-00C04F79EFBC}") = "WebApi", "WebApi\WebApi.csproj", "{A44F29CC-F871-4420-B028-084856C15BCD}"
EndProject
Project("{FAE04EC0-301F-11D3-BF4B-00C04F79EFBC}") = "Data", "Data\Data.csproj", "{E14EE4A9-280F-4B5E-BBC8-CAF9464E181D}"
EndProject
Project("{FAE04EC0-301F-11D3-BF4B-00C04F79EFBC}") = "Data.Tests", "Data.Tests\Data.Tests.csproj", "{2AC0D1B9-5EAB-4DE2-9089-589C2CDE871D}"
EndProject
Project("{FAE04EC0-301F-11D3-BF4B-00C04F79EFBC}") = "WebApi.Tests", "WebApi.Tests\WebApi.Tests.csproj", "{15F41D05-DE70-40E3-AC09-B6A851B45E87}"
EndProject
Project("{FAE04EC0-301F-11D3-BF4B-00C04F79EFBC}") = "UseCases.BDD.Tests", "UseCases.BDD.Tests\UseCases.BDD.Tests.csproj", "{91311EFD-8167-4A86-AFD0-F1CFD9FC166D}"
EndProject
Project("{FAE04EC0-301F-11D3-BF4B-00C04F79EFBC}") = "DiscordBot", "DiscordBot\DiscordBot.csproj", "{9D910F42-5E11-45B5-8C89-09F11D827EB1}"
EndProject
Project("{FAE04EC0-301F-11D3-BF4B-00C04F79EFBC}") = "DiscordBot.Tests", "DiscordBot.Tests\DiscordBot.Tests.csproj", "{608421B2-143D-41D9-B88F-F5194905A420}"
EndProject
Global
	GlobalSection(SolutionConfigurationPlatforms) = preSolution
		Debug|Any CPU = Debug|Any CPU
		Release|Any CPU = Release|Any CPU
	EndGlobalSection
	GlobalSection(ProjectConfigurationPlatforms) = postSolution
		{CE5B6340-1ECA-41A1-8AD5-4B818ED042F2}.Debug|Any CPU.ActiveCfg = Debug|Any CPU
		{CE5B6340-1ECA-41A1-8AD5-4B818ED042F2}.Debug|Any CPU.Build.0 = Debug|Any CPU
		{CE5B6340-1ECA-41A1-8AD5-4B818ED042F2}.Release|Any CPU.ActiveCfg = Release|Any CPU
		{CE5B6340-1ECA-41A1-8AD5-4B818ED042F2}.Release|Any CPU.Build.0 = Release|Any CPU
		{84426FF8-C3C0-4421-9A4E-18C6A837C6B2}.Debug|Any CPU.ActiveCfg = Debug|Any CPU
		{84426FF8-C3C0-4421-9A4E-18C6A837C6B2}.Debug|Any CPU.Build.0 = Debug|Any CPU
		{84426FF8-C3C0-4421-9A4E-18C6A837C6B2}.Release|Any CPU.ActiveCfg = Release|Any CPU
		{84426FF8-C3C0-4421-9A4E-18C6A837C6B2}.Release|Any CPU.Build.0 = Release|Any CPU
		{83855E5C-A843-444E-8BF7-D15449A56A72}.Debug|Any CPU.ActiveCfg = Debug|Any CPU
		{83855E5C-A843-444E-8BF7-D15449A56A72}.Debug|Any CPU.Build.0 = Debug|Any CPU
		{83855E5C-A843-444E-8BF7-D15449A56A72}.Release|Any CPU.ActiveCfg = Release|Any CPU
		{83855E5C-A843-444E-8BF7-D15449A56A72}.Release|Any CPU.Build.0 = Release|Any CPU
		{3E852501-82E6-48FF-BA9F-8905C3CE9FA0}.Debug|Any CPU.ActiveCfg = Debug|Any CPU
		{3E852501-82E6-48FF-BA9F-8905C3CE9FA0}.Debug|Any CPU.Build.0 = Debug|Any CPU
		{3E852501-82E6-48FF-BA9F-8905C3CE9FA0}.Release|Any CPU.ActiveCfg = Release|Any CPU
		{3E852501-82E6-48FF-BA9F-8905C3CE9FA0}.Release|Any CPU.Build.0 = Release|Any CPU
		{78740ACA-3FE4-4F0B-8A48-94294AE6C4CD}.Debug|Any CPU.ActiveCfg = Debug|Any CPU
		{78740ACA-3FE4-4F0B-8A48-94294AE6C4CD}.Debug|Any CPU.Build.0 = Debug|Any CPU
		{78740ACA-3FE4-4F0B-8A48-94294AE6C4CD}.Release|Any CPU.ActiveCfg = Release|Any CPU
		{78740ACA-3FE4-4F0B-8A48-94294AE6C4CD}.Release|Any CPU.Build.0 = Release|Any CPU
		{A44F29CC-F871-4420-B028-084856C15BCD}.Debug|Any CPU.ActiveCfg = Debug|Any CPU
		{A44F29CC-F871-4420-B028-084856C15BCD}.Debug|Any CPU.Build.0 = Debug|Any CPU
		{A44F29CC-F871-4420-B028-084856C15BCD}.Release|Any CPU.ActiveCfg = Release|Any CPU
		{A44F29CC-F871-4420-B028-084856C15BCD}.Release|Any CPU.Build.0 = Release|Any CPU
		{E14EE4A9-280F-4B5E-BBC8-CAF9464E181D}.Debug|Any CPU.ActiveCfg = Debug|Any CPU
		{E14EE4A9-280F-4B5E-BBC8-CAF9464E181D}.Debug|Any CPU.Build.0 = Debug|Any CPU
		{E14EE4A9-280F-4B5E-BBC8-CAF9464E181D}.Release|Any CPU.ActiveCfg = Release|Any CPU
		{E14EE4A9-280F-4B5E-BBC8-CAF9464E181D}.Release|Any CPU.Build.0 = Release|Any CPU
		{2AC0D1B9-5EAB-4DE2-9089-589C2CDE871D}.Debug|Any CPU.ActiveCfg = Debug|Any CPU
		{2AC0D1B9-5EAB-4DE2-9089-589C2CDE871D}.Debug|Any CPU.Build.0 = Debug|Any CPU
		{2AC0D1B9-5EAB-4DE2-9089-589C2CDE871D}.Release|Any CPU.ActiveCfg = Release|Any CPU
		{2AC0D1B9-5EAB-4DE2-9089-589C2CDE871D}.Release|Any CPU.Build.0 = Release|Any CPU
		{15F41D05-DE70-40E3-AC09-B6A851B45E87}.Debug|Any CPU.ActiveCfg = Debug|Any CPU
		{15F41D05-DE70-40E3-AC09-B6A851B45E87}.Debug|Any CPU.Build.0 = Debug|Any CPU
		{15F41D05-DE70-40E3-AC09-B6A851B45E87}.Release|Any CPU.ActiveCfg = Release|Any CPU
		{15F41D05-DE70-40E3-AC09-B6A851B45E87}.Release|Any CPU.Build.0 = Release|Any CPU
		{91311EFD-8167-4A86-AFD0-F1CFD9FC166D}.Debug|Any CPU.ActiveCfg = Debug|Any CPU
		{91311EFD-8167-4A86-AFD0-F1CFD9FC166D}.Debug|Any CPU.Build.0 = Debug|Any CPU
		{91311EFD-8167-4A86-AFD0-F1CFD9FC166D}.Release|Any CPU.ActiveCfg = Release|Any CPU
		{91311EFD-8167-4A86-AFD0-F1CFD9FC166D}.Release|Any CPU.Build.0 = Release|Any CPU
		{9D910F42-5E11-45B5-8C89-09F11D827EB1}.Debug|Any CPU.ActiveCfg = Debug|Any CPU
		{9D910F42-5E11-45B5-8C89-09F11D827EB1}.Debug|Any CPU.Build.0 = Debug|Any CPU
		{9D910F42-5E11-45B5-8C89-09F11D827EB1}.Release|Any CPU.ActiveCfg = Release|Any CPU
		{9D910F42-5E11-45B5-8C89-09F11D827EB1}.Release|Any CPU.Build.0 = Release|Any CPU
		{608421B2-143D-41D9-B88F-F5194905A420}.Debug|Any CPU.ActiveCfg = Debug|Any CPU
		{608421B2-143D-41D9-B88F-F5194905A420}.Debug|Any CPU.Build.0 = Debug|Any CPU
		{608421B2-143D-41D9-B88F-F5194905A420}.Release|Any CPU.ActiveCfg = Release|Any CPU
		{608421B2-143D-41D9-B88F-F5194905A420}.Release|Any CPU.Build.0 = Release|Any CPU
	EndGlobalSection
EndGlobal
